github.com/gosamples-dev/samples/sqlite-intro v0.0.0-20211109132223-9ea4be605619 h1:OCpMCd7Ok/7bFW0pZ1ncm4IA9/+R6jlYHyNdmao87WY=
github.com/gosamples-dev/samples/sqlite-intro v0.0.0-20211109132223-9ea4be605619/go.mod h1:qS5mnZILfkM7qaz6eLcZEe82Zm58ZcRPHgMXNRMz4Fc=
github.com/mattn/go-sqlite3 v1.14.9/go.mod h1:NyWgC/yNuGj7Q9rpYnZvas74GogHl5/Z4A/KQRfk6bU=
github.com/mattn/go-sqlite3 v1.14.12 h1:TJ1bhYJPV44phC+IMu1u2K/i5RriLTPe+yc68XDJ1Z0=
github.com/mattn/go-sqlite3 v1.14.12/go.mod h1:NyWgC/yNuGj7Q9rpYnZvas74GogHl5/Z4A/KQRfk6bU=
